PODS:
  - IQDropDownTextField (1.1.1)
  - IQDropDownTextFieldSwift (1.1.1)

DEPENDENCIES:
  - IQDropDownTextField (from `.`)
  - IQDropDownTextFieldSwift (from `.`)

EXTERNAL SOURCES:
  IQDropDownTextField:
    :path: "."
  IQDropDownTextFieldSwift:
    :path: "."

SPEC CHECKSUMS:
  IQDropDownTextField: 3d2e5728a2b83ff5dbb14cb9b497a80005124cbe
  IQDropDownTextFieldSwift: 704ff133f882cc6f8276d949e8d0bd157e0788ce

PODFILE CHECKSUM: 08a9af29db025dae10f8390be96ddf1c0131324d

COCOAPODS: 1.9.3
