PODS:
  - IQDropDownTextField (3.0.0)
  - IQDropDownTextFieldSwift (3.0.0)

DEPENDENCIES:
  - IQDropDownTextField (from `.`)
  - IQDropDownTextFieldSwift (from `.`)

EXTERNAL SOURCES:
  IQDropDownTextField:
    :path: "."
  IQDropDownTextFieldSwift:
    :path: "."

SPEC CHECKSUMS:
  IQDropDownTextField: 77916c18f518ee9f3c62735775f1ba061d92fc58
  IQDropDownTextFieldSwift: 7f577bbc701b1c403c4a8e93dba28640af0a5485

PODFILE CHECKSUM: 08a9af29db025dae10f8390be96ddf1c0131324d

COCOAPODS: 1.11.3
