PODS:
  - IQDropDownTextField (3.0.2)
  - IQDropDownTextFieldSwift (3.0.2)
  - SwiftLint (0.40.3)

DEPENDENCIES:
  - IQDropDownTextField (from `.`)
  - IQDropDownTextFieldSwift (from `.`)
  - SwiftLint

SPEC REPOS:
  trunk:
    - SwiftLint

EXTERNAL SOURCES:
  IQDropDownTextField:
    :path: "."
  IQDropDownTextFieldSwift:
    :path: "."

SPEC CHECKSUMS:
  IQDropDownTextField: 5c04df9e294f3aead74f4c39d087fde233b557e3
  IQDropDownTextFieldSwift: bbdb1b48360156e0e13b93a9e5885343ac2cce94
  SwiftLint: dfd554ff0dff17288ee574814ccdd5cea85d76f7

PODFILE CHECKSUM: fead137ff4bb7049441d22e348b10c56ce4fc903

COCOAPODS: 1.11.3
